github.com/DarpHome/gorcon v1.3.0 h1:Iy70uXpsMmvV5Bm7D3EYssXMu1gIEQysvLaoWUR9IKY=
github.com/DarpHome/gorcon v1.3.0/go.mod h1:2ufHRLOfE3vcD3gPChvrboSKVm3AbEnMZrkglOr2+OE=
golang.org/x/exp v0.0.0-20230905200255-921286631fa9 h1:GoHiUyI/Tp2nVkLI2mCxVkOjsbSXD66ic0XW0js0R9g=
golang.org/x/exp v0.0.0-20230905200255-921286631fa9/go.mod h1:S2oDrQGGwySpoQPVqRShND87VCbxmc6bL1Yd2oYrm6k=
